// !$*UTF8*$!
{
	archiveVersion = 1;
	classes = {
	};
	objectVersion = 60;
	objects = {

/* Begin PBXBuildFile section */
		1C0E14872AEC70CF00B4B02B /* BlinkID.xcframework in Frameworks */ = {isa = PBXBuildFile; fileRef = 1C0E14842AEC70CF00B4B02B /* BlinkID.xcframework */; };
		1C0E14882AEC70CF00B4B02B /* BlinkID.xcframework in Embed Frameworks */ = {isa = PBXBuildFile; fileRef = 1C0E14842AEC70CF00B4B02B /* BlinkID.xcframework */; settings = {ATTRIBUTES = (CodeSignOnCopy, RemoveHeadersOnCopy, ); }; };
		1C0E14892AEC70CF00B4B02B /* VoiceSdk.xcframework in Frameworks */ = {isa = PBXBuildFile; fileRef = 1C0E14852AEC70CF00B4B02B /* VoiceSdk.xcframework */; };
		1C0E148A2AEC70CF00B4B02B /* VoiceSdk.xcframework in Embed Frameworks */ = {isa = PBXBuildFile; fileRef = 1C0E14852AEC70CF00B4B02B /* VoiceSdk.xcframework */; settings = {ATTRIBUTES = (CodeSignOnCopy, RemoveHeadersOnCopy, ); }; };
		1C0E148B2AEC70CF00B4B02B /* PingOneVerify.xcframework in Frameworks */ = {isa = PBXBuildFile; fileRef = 1C0E14862AEC70CF00B4B02B /* PingOneVerify.xcframework */; };
		1C0E148C2AEC70CF00B4B02B /* PingOneVerify.xcframework in Embed Frameworks */ = {isa = PBXBuildFile; fileRef = 1C0E14862AEC70CF00B4B02B /* PingOneVerify.xcframework */; settings = {ATTRIBUTES = (CodeSignOnCopy, RemoveHeadersOnCopy, ); }; };
		1C4253712909C178008E871B /* AppDelegate.swift in Sources */ = {isa = PBXBuildFile; fileRef = 1C4253702909C178008E871B /* AppDelegate.swift */; };
		1C4253752909C178008E871B /* ViewController.swift in Sources */ = {isa = PBXBuildFile; fileRef = 1C4253742909C178008E871B /* ViewController.swift */; };
		1C42537A2909C179008E871B /* Assets.xcassets in Resources */ = {isa = PBXBuildFile; fileRef = 1C4253792909C179008E871B /* Assets.xcassets */; };
		1C42537D2909C179008E871B /* LaunchScreen.storyboard in Resources */ = {isa = PBXBuildFile; fileRef = 1C42537B2909C179008E871B /* LaunchScreen.storyboard */; };
		1C4253862909C286008E871B /* Main.storyboard in Resources */ = {isa = PBXBuildFile; fileRef = 1C4253842909C286008E871B /* Main.storyboard */; };
		630BC4762C87597800291BE8 /* GeoLocationProvider.xcframework in Frameworks */ = {isa = PBXBuildFile; fileRef = 635AAB072C7C9BBA0072CEE6 /* GeoLocationProvider.xcframework */; };
		630BC4772C87597800291BE8 /* NeoInterfaces.xcframework in Frameworks */ = {isa = PBXBuildFile; fileRef = 635AAB092C7C9BCC0072CEE6 /* NeoInterfaces.xcframework */; };
		63263A6C2D9FFCAC0013803A /* IDLiveFaceCamera.xcframework in Embed Frameworks */ = {isa = PBXBuildFile; fileRef = 63263A6A2D9FFCAC0013803A /* IDLiveFaceCamera.xcframework */; settings = {ATTRIBUTES = (CodeSignOnCopy, RemoveHeadersOnCopy, ); }; };
		63263A6D2D9FFCAC0013803A /* IDLiveFaceDetection.xcframework in Embed Frameworks */ = {isa = PBXBuildFile; fileRef = 63263A6B2D9FFCAC0013803A /* IDLiveFaceDetection.xcframework */; settings = {ATTRIBUTES = (CodeSignOnCopy, RemoveHeadersOnCopy, ); }; };
		634C968F2CA5758E00E8D732 /* IDLiveFaceIAD.xcframework in Frameworks */ = {isa = PBXBuildFile; fileRef = 634C968D2CA5758E00E8D732 /* IDLiveFaceIAD.xcframework */; };
		634C96902CA5758E00E8D732 /* IDLiveFaceIAD.xcframework in Embed Frameworks */ = {isa = PBXBuildFile; fileRef = 634C968D2CA5758E00E8D732 /* IDLiveFaceIAD.xcframework */; settings = {ATTRIBUTES = (CodeSignOnCopy, RemoveHeadersOnCopy, ); }; };
		635AAB082C7C9BBA0072CEE6 /* GeoLocationProvider.xcframework in Embed Frameworks */ = {isa = PBXBuildFile; fileRef = 635AAB072C7C9BBA0072CEE6 /* GeoLocationProvider.xcframework */; settings = {ATTRIBUTES = (CodeSignOnCopy, RemoveHeadersOnCopy, ); }; };
		635AAB0A2C7C9BCC0072CEE6 /* NeoInterfaces.xcframework in Embed Frameworks */ = {isa = PBXBuildFile; fileRef = 635AAB092C7C9BCC0072CEE6 /* NeoInterfaces.xcframework */; settings = {ATTRIBUTES = (CodeSignOnCopy, RemoveHeadersOnCopy, ); }; };
		884BAEF22AEC48D9002C6827 /* PingOneVerifyLocalizable.strings in Resources */ = {isa = PBXBuildFile; fileRef = 884BAEF12AEC48D9002C6827 /* PingOneVerifyLocalizable.strings */; };
		8969947D2A8AB47C0088041C /* CompletedViewController.swift in Sources */ = {isa = PBXBuildFile; fileRef = 8969947C2A8AB47C0088041C /* CompletedViewController.swift */; };
/* End PBXBuildFile section */

/* Begin PBXCopyFilesBuildPhase section */
		1C0E148D2AEC70CF00B4B02B /* Embed Frameworks */ = {
			isa = PBXCopyFilesBuildPhase;
			buildActionMask = 2147483647;
			dstPath = "";
			dstSubfolderSpec = 10;
			files = (
				63263A6C2D9FFCAC0013803A /* IDLiveFaceCamera.xcframework in Embed Frameworks */,
				63263A6D2D9FFCAC0013803A /* IDLiveFaceDetection.xcframework in Embed Frameworks */,
				634C96902CA5758E00E8D732 /* IDLiveFaceIAD.xcframework in Embed Frameworks */,
				635AAB0A2C7C9BCC0072CEE6 /* NeoInterfaces.xcframework in Embed Frameworks */,
				635AAB082C7C9BBA0072CEE6 /* GeoLocationProvider.xcframework in Embed Frameworks */,
				1C0E148C2AEC70CF00B4B02B /* PingOneVerify.xcframework in Embed Frameworks */,
				1C0E14882AEC70CF00B4B02B /* BlinkID.xcframework in Embed Frameworks */,
				1C0E148A2AEC70CF00B4B02B /* VoiceSdk.xcframework in Embed Frameworks */,
			);
			name = "Embed Frameworks";
			runOnlyForDeploymentPostprocessing = 0;
		};
/* End PBXCopyFilesBuildPhase section */

/* Begin PBXFileReference section */
		1C0E14842AEC70CF00B4B02B /* BlinkID.xcframework */ = {isa = PBXFileReference; lastKnownFileType = wrapper.xcframework; name = BlinkID.xcframework; path = ../../SDK/BlinkID.xcframework; sourceTree = "<group>"; };
		1C0E14852AEC70CF00B4B02B /* VoiceSdk.xcframework */ = {isa = PBXFileReference; expectedSignature = "AppleDeveloperProgram:CQQF4ZK23A:ID R&D Inc."; lastKnownFileType = wrapper.xcframework; name = VoiceSdk.xcframework; path = ../../SDK/VoiceSdk.xcframework; sourceTree = "<group>"; };
		1C0E14862AEC70CF00B4B02B /* PingOneVerify.xcframework */ = {isa = PBXFileReference; lastKnownFileType = wrapper.xcframework; name = PingOneVerify.xcframework; path = ../../SDK/PingOneVerify.xcframework; sourceTree = "<group>"; };
		1C42536D2909C178008E871B /* PingOne Verify.app */ = {isa = PBXFileReference; explicitFileType = wrapper.application; includeInIndex = 0; path = "PingOne Verify.app"; sourceTree = BUILT_PRODUCTS_DIR; };
		1C4253702909C178008E871B /* AppDelegate.swift */ = {isa = PBXFileReference; lastKnownFileType = sourcecode.swift; path = AppDelegate.swift; sourceTree = "<group>"; };
		1C4253742909C178008E871B /* ViewController.swift */ = {isa = PBXFileReference; lastKnownFileType = sourcecode.swift; path = ViewController.swift; sourceTree = "<group>"; };
		1C4253792909C179008E871B /* Assets.xcassets */ = {isa = PBXFileReference; lastKnownFileType = folder.assetcatalog; path = Assets.xcassets; sourceTree = "<group>"; };
		1C42537C2909C179008E871B /* Base */ = {isa = PBXFileReference; lastKnownFileType = file.storyboard; name = Base; path = Base.lproj/LaunchScreen.storyboard; sourceTree = "<group>"; };
		1C42537E2909C179008E871B /* Info.plist */ = {isa = PBXFileReference; lastKnownFileType = text.plist.xml; path = Info.plist; sourceTree = "<group>"; };
		1C4253852909C286008E871B /* Base */ = {isa = PBXFileReference; lastKnownFileType = file.storyboard; name = Base; path = Base.lproj/Main.storyboard; sourceTree = "<group>"; };
		63263A6A2D9FFCAC0013803A /* IDLiveFaceCamera.xcframework */ = {isa = PBXFileReference; lastKnownFileType = wrapper.xcframework; name = IDLiveFaceCamera.xcframework; path = ../../SDK/IDLiveFaceCamera.xcframework; sourceTree = "<group>"; };
		63263A6B2D9FFCAC0013803A /* IDLiveFaceDetection.xcframework */ = {isa = PBXFileReference; lastKnownFileType = wrapper.xcframework; name = IDLiveFaceDetection.xcframework; path = ../../SDK/IDLiveFaceDetection.xcframework; sourceTree = "<group>"; };
		634C968D2CA5758E00E8D732 /* IDLiveFaceIAD.xcframework */ = {isa = PBXFileReference; lastKnownFileType = wrapper.xcframework; name = IDLiveFaceIAD.xcframework; path = ../../SDK/IDLiveFaceIAD.xcframework; sourceTree = "<group>"; };
		635AAB072C7C9BBA0072CEE6 /* GeoLocationProvider.xcframework */ = {isa = PBXFileReference; lastKnownFileType = wrapper.xcframework; name = GeoLocationProvider.xcframework; path = ../../SDK/GeoLocationProvider.xcframework; sourceTree = "<group>"; };
		635AAB092C7C9BCC0072CEE6 /* NeoInterfaces.xcframework */ = {isa = PBXFileReference; lastKnownFileType = wrapper.xcframework; name = NeoInterfaces.xcframework; path = ../../SDK/NeoInterfaces.xcframework; sourceTree = "<group>"; };
		884BAEF12AEC48D9002C6827 /* PingOneVerifyLocalizable.strings */ = {isa = PBXFileReference; fileEncoding = 4; lastKnownFileType = text.plist.strings; path = PingOneVerifyLocalizable.strings; sourceTree = "<group>"; };
		8969947C2A8AB47C0088041C /* CompletedViewController.swift */ = {isa = PBXFileReference; lastKnownFileType = sourcecode.swift; name = CompletedViewController.swift; path = Assets.xcassets/CompletedViewController.swift; sourceTree = "<group>"; };
/* End PBXFileReference section */

/* Begin PBXFrameworksBuildPhase section */
		1C42536A2909C178008E871B /* Frameworks */ = {
			isa = PBXFrameworksBuildPhase;
			buildActionMask = 2147483647;
			files = (
				634C968F2CA5758E00E8D732 /* IDLiveFaceIAD.xcframework in Frameworks */,
				630BC4762C87597800291BE8 /* GeoLocationProvider.xcframework in Frameworks */,
				630BC4772C87597800291BE8 /* NeoInterfaces.xcframework in Frameworks */,
				1C0E148B2AEC70CF00B4B02B /* PingOneVerify.xcframework in Frameworks */,
				1C0E14872AEC70CF00B4B02B /* BlinkID.xcframework in Frameworks */,
				1C0E14892AEC70CF00B4B02B /* VoiceSdk.xcframework in Frameworks */,
			);
			runOnlyForDeploymentPostprocessing = 0;
		};
/* End PBXFrameworksBuildPhase section */

/* Begin PBXGroup section */
		1C4253642909C178008E871B = {
			isa = PBXGroup;
			children = (
				1C42536F2909C178008E871B /* PingOne Verify */,
				1C42536E2909C178008E871B /* Products */,
				1C4253872909C2A2008E871B /* Frameworks */,
			);
			sourceTree = "<group>";
		};
		1C42536E2909C178008E871B /* Products */ = {
			isa = PBXGroup;
			children = (
				1C42536D2909C178008E871B /* PingOne Verify.app */,
			);
			name = Products;
			sourceTree = "<group>";
		};
		1C42536F2909C178008E871B /* PingOne Verify */ = {
			isa = PBXGroup;
			children = (
				1C4253702909C178008E871B /* AppDelegate.swift */,
				1C4253742909C178008E871B /* ViewController.swift */,
				8969947C2A8AB47C0088041C /* CompletedViewController.swift */,
				1C4253842909C286008E871B /* Main.storyboard */,
				1C42537B2909C179008E871B /* LaunchScreen.storyboard */,
				1C4253792909C179008E871B /* Assets.xcassets */,
				884BAEF12AEC48D9002C6827 /* PingOneVerifyLocalizable.strings */,
				1C42537E2909C179008E871B /* Info.plist */,
			);
			path = "PingOne Verify";
			sourceTree = "<group>";
		};
		1C4253872909C2A2008E871B /* Frameworks */ = {
			isa = PBXGroup;
			children = (
				63263A6A2D9FFCAC0013803A /* IDLiveFaceCamera.xcframework */,
				63263A6B2D9FFCAC0013803A /* IDLiveFaceDetection.xcframework */,
				634C968D2CA5758E00E8D732 /* IDLiveFaceIAD.xcframework */,
				1C0E14842AEC70CF00B4B02B /* BlinkID.xcframework */,
				1C0E14862AEC70CF00B4B02B /* PingOneVerify.xcframework */,
				1C0E14852AEC70CF00B4B02B /* VoiceSdk.xcframework */,
				635AAB072C7C9BBA0072CEE6 /* GeoLocationProvider.xcframework */,
				635AAB092C7C9BCC0072CEE6 /* NeoInterfaces.xcframework */,
			);
			name = Frameworks;
			sourceTree = "<group>";
		};
/* End PBXGroup section */

/* Begin PBXNativeTarget section */
		1C42536C2909C178008E871B /* PingOne Verify */ = {
			isa = PBXNativeTarget;
			buildConfigurationList = 1C4253812909C179008E871B /* Build configuration list for PBXNativeTarget "PingOne Verify" */;
			buildPhases = (
				1C4253692909C178008E871B /* Sources */,
				1C42536A2909C178008E871B /* Frameworks */,
				1C42536B2909C178008E871B /* Resources */,
				1C0E148D2AEC70CF00B4B02B /* Embed Frameworks */,
			);
			buildRules = (
			);
			dependencies = (
			);
			name = "PingOne Verify";
			productName = "PingOne Verify";
			productReference = 1C42536D2909C178008E871B /* PingOne Verify.app */;
			productType = "com.apple.product-type.application";
		};
/* End PBXNativeTarget section */

/* Begin PBXProject section */
		1C4253652909C178008E871B /* Project object */ = {
			isa = PBXProject;
			attributes = {
				BuildIndependentTargetsInParallel = 1;
				LastSwiftUpdateCheck = 1400;
				LastUpgradeCheck = 1400;
				TargetAttributes = {
					1C42536C2909C178008E871B = {
						CreatedOnToolsVersion = 14.0.1;
					};
				};
			};
			buildConfigurationList = 1C4253682909C178008E871B /* Build configuration list for PBXProject "PingOne Verify" */;
			compatibilityVersion = "Xcode 14.0";
			developmentRegion = en;
			hasScannedForEncodings = 0;
			knownRegions = (
				en,
				Base,
			);
			mainGroup = 1C4253642909C178008E871B;
			productRefGroup = 1C42536E2909C178008E871B /* Products */;
			projectDirPath = "";
			projectRoot = "";
			targets = (
				1C42536C2909C178008E871B /* PingOne Verify */,
			);
		};
/* End PBXProject section */

/* Begin PBXResourcesBuildPhase section */
		1C42536B2909C178008E871B /* Resources */ = {
			isa = PBXResourcesBuildPhase;
			buildActionMask = 2147483647;
			files = (
				1C4253862909C286008E871B /* Main.storyboard in Resources */,
				1C42537D2909C179008E871B /* LaunchScreen.storyboard in Resources */,
				884BAEF22AEC48D9002C6827 /* PingOneVerifyLocalizable.strings in Resources */,
				1C42537A2909C179008E871B /* Assets.xcassets in Resources */,
			);
			runOnlyForDeploymentPostprocessing = 0;
		};
/* End PBXResourcesBuildPhase section */

/* Begin PBXSourcesBuildPhase section */
		1C4253692909C178008E871B /* Sources */ = {
			isa = PBXSourcesBuildPhase;
			buildActionMask = 2147483647;
			files = (
				8969947D2A8AB47C0088041C /* CompletedViewController.swift in Sources */,
				1C4253752909C178008E871B /* ViewController.swift in Sources */,
				1C4253712909C178008E871B /* AppDelegate.swift in Sources */,
			);
			runOnlyForDeploymentPostprocessing = 0;
		};
/* End PBXSourcesBuildPhase section */

/* Begin PBXVariantGroup section */
		1C42537B2909C179008E871B /* LaunchScreen.storyboard */ = {
			isa = PBXVariantGroup;
			children = (
				1C42537C2909C179008E871B /* Base */,
			);
			name = LaunchScreen.storyboard;
			sourceTree = "<group>";
		};
		1C4253842909C286008E871B /* Main.storyboard */ = {
			isa = PBXVariantGroup;
			children = (
				1C4253852909C286008E871B /* Base */,
			);
			name = Main.storyboard;
			sourceTree = "<group>";
		};
/* End PBXVariantGroup section */

/* Begin XCBuildConfiguration section */
		1C42537F2909C179008E871B /* Debug */ = {
			isa = XCBuildConfiguration;
			buildSettings = {
				ALWAYS_SEARCH_USER_PATHS = NO;
				CLANG_ANALYZER_NONNULL = YES;
				CLANG_ANALYZER_NUMBER_OBJECT_CONVERSION = YES_AGGRESSIVE;
				CLANG_CXX_LANGUAGE_STANDARD = "gnu++20";
				CLANG_ENABLE_MODULES = YES;
				CLANG_ENABLE_OBJC_ARC = YES;
				CLANG_ENABLE_OBJC_WEAK = YES;
				CLANG_WARN_BLOCK_CAPTURE_AUTORELEASING = YES;
				CLANG_WARN_BOOL_CONVERSION = YES;
				CLANG_WARN_COMMA = YES;
				CLANG_WARN_CONSTANT_CONVERSION = YES;
				CLANG_WARN_DEPRECATED_OBJC_IMPLEMENTATIONS = YES;
				CLANG_WARN_DIRECT_OBJC_ISA_USAGE = YES_ERROR;
				CLANG_WARN_DOCUMENTATION_COMMENTS = YES;
				CLANG_WARN_EMPTY_BODY = YES;
				CLANG_WARN_ENUM_CONVERSION = YES;
				CLANG_WARN_INFINITE_RECURSION = YES;
				CLANG_WARN_INT_CONVERSION = YES;
				CLANG_WARN_NON_LITERAL_NULL_CONVERSION = YES;
				CLANG_WARN_OBJC_IMPLICIT_RETAIN_SELF = YES;
				CLANG_WARN_OBJC_LITERAL_CONVERSION = YES;
				CLANG_WARN_OBJC_ROOT_CLASS = YES_ERROR;
				CLANG_WARN_QUOTED_INCLUDE_IN_FRAMEWORK_HEADER = YES;
				CLANG_WARN_RANGE_LOOP_ANALYSIS = YES;
				CLANG_WARN_STRICT_PROTOTYPES = YES;
				CLANG_WARN_SUSPICIOUS_MOVE = YES;
				CLANG_WARN_UNGUARDED_AVAILABILITY = YES_AGGRESSIVE;
				CLANG_WARN_UNREACHABLE_CODE = YES;
				CLANG_WARN__DUPLICATE_METHOD_MATCH = YES;
				COPY_PHASE_STRIP = NO;
				DEBUG_INFORMATION_FORMAT = dwarf;
				ENABLE_STRICT_OBJC_MSGSEND = YES;
				ENABLE_TESTABILITY = YES;
				GCC_C_LANGUAGE_STANDARD = gnu11;
				GCC_DYNAMIC_NO_PIC = NO;
				GCC_NO_COMMON_BLOCKS = YES;
				GCC_OPTIMIZATION_LEVEL = 0;
				GCC_PREPROCESSOR_DEFINITIONS = (
					"DEBUG=1",
					"$(inherited)",
				);
				GCC_WARN_64_TO_32_BIT_CONVERSION = YES;
				GCC_WARN_ABOUT_RETURN_TYPE = YES_ERROR;
				GCC_WARN_UNDECLARED_SELECTOR = YES;
				GCC_WARN_UNINITIALIZED_AUTOS = YES_AGGRESSIVE;
				GCC_WARN_UNUSED_FUNCTION = YES;
				GCC_WARN_UNUSED_VARIABLE = YES;
				IPHONEOS_DEPLOYMENT_TARGET = 16.0;
				MTL_ENABLE_DEBUG_INFO = INCLUDE_SOURCE;
				MTL_FAST_MATH = YES;
				ONLY_ACTIVE_ARCH = YES;
				SDKROOT = iphoneos;
				SWIFT_ACTIVE_COMPILATION_CONDITIONS = DEBUG;
				SWIFT_OPTIMIZATION_LEVEL = "-Onone";
			};
			name = Debug;
		};
		1C4253802909C179008E871B /* Release */ = {
			isa = XCBuildConfiguration;
			buildSettings = {
				ALWAYS_SEARCH_USER_PATHS = NO;
				CLANG_ANALYZER_NONNULL = YES;
				CLANG_ANALYZER_NUMBER_OBJECT_CONVERSION = YES_AGGRESSIVE;
				CLANG_CXX_LANGUAGE_STANDARD = "gnu++20";
				CLANG_ENABLE_MODULES = YES;
				CLANG_ENABLE_OBJC_ARC = YES;
				CLANG_ENABLE_OBJC_WEAK = YES;
				CLANG_WARN_BLOCK_CAPTURE_AUTORELEASING = YES;
				CLANG_WARN_BOOL_CONVERSION = YES;
				CLANG_WARN_COMMA = YES;
				CLANG_WARN_CONSTANT_CONVERSION = YES;
				CLANG_WARN_DEPRECATED_OBJC_IMPLEMENTATIONS = YES;
				CLANG_WARN_DIRECT_OBJC_ISA_USAGE = YES_ERROR;
				CLANG_WARN_DOCUMENTATION_COMMENTS = YES;
				CLANG_WARN_EMPTY_BODY = YES;
				CLANG_WARN_ENUM_CONVERSION = YES;
				CLANG_WARN_INFINITE_RECURSION = YES;
				CLANG_WARN_INT_CONVERSION = YES;
				CLANG_WARN_NON_LITERAL_NULL_CONVERSION = YES;
				CLANG_WARN_OBJC_IMPLICIT_RETAIN_SELF = YES;
				CLANG_WARN_OBJC_LITERAL_CONVERSION = YES;
				CLANG_WARN_OBJC_ROOT_CLASS = YES_ERROR;
				CLANG_WARN_QUOTED_INCLUDE_IN_FRAMEWORK_HEADER = YES;
				CLANG_WARN_RANGE_LOOP_ANALYSIS = YES;
				CLANG_WARN_STRICT_PROTOTYPES = YES;
				CLANG_WARN_SUSPICIOUS_MOVE = YES;
				CLANG_WARN_UNGUARDED_AVAILABILITY = YES_AGGRESSIVE;
				CLANG_WARN_UNREACHABLE_CODE = YES;
				CLANG_WARN__DUPLICATE_METHOD_MATCH = YES;
				COPY_PHASE_STRIP = NO;
				DEBUG_INFORMATION_FORMAT = "dwarf-with-dsym";
				ENABLE_NS_ASSERTIONS = NO;
				ENABLE_STRICT_OBJC_MSGSEND = YES;
				GCC_C_LANGUAGE_STANDARD = gnu11;
				GCC_NO_COMMON_BLOCKS = YES;
				GCC_WARN_64_TO_32_BIT_CONVERSION = YES;
				GCC_WARN_ABOUT_RETURN_TYPE = YES_ERROR;
				GCC_WARN_UNDECLARED_SELECTOR = YES;
				GCC_WARN_UNINITIALIZED_AUTOS = YES_AGGRESSIVE;
				GCC_WARN_UNUSED_FUNCTION = YES;
				GCC_WARN_UNUSED_VARIABLE = YES;
				IPHONEOS_DEPLOYMENT_TARGET = 16.0;
				MTL_ENABLE_DEBUG_INFO = NO;
				MTL_FAST_MATH = YES;
				SDKROOT = iphoneos;
				SWIFT_COMPILATION_MODE = wholemodule;
				SWIFT_OPTIMIZATION_LEVEL = "-O";
				VALIDATE_PRODUCT = YES;
			};
			name = Release;
		};
		1C4253822909C179008E871B /* Debug */ = {
			isa = XCBuildConfiguration;
			buildSettings = {
				ASSETCATALOG_COMPILER_APPICON_NAME = AppIcon;
				ASSETCATALOG_COMPILER_GLOBAL_ACCENT_COLOR_NAME = AccentColor;
				CODE_SIGN_STYLE = Automatic;
				CURRENT_PROJECT_VERSION = 47;
				DEVELOPMENT_ASSET_PATHS = "";
				DEVELOPMENT_TEAM = YZYUGL7S48;
				GENERATE_INFOPLIST_FILE = YES;
				INFOPLIST_FILE = "PingOne Verify/Info.plist";
				INFOPLIST_KEY_NSCameraUsageDescription = "Access to the camera is required for scanning your IDs and taking pictures.";
				INFOPLIST_KEY_NSMicrophoneUsageDescription = "Access to microphone is required for verifying your voice";
				INFOPLIST_KEY_UIApplicationSupportsIndirectInputEvents = YES;
				INFOPLIST_KEY_UILaunchStoryboardName = LaunchScreen;
				INFOPLIST_KEY_UIMainStoryboardFile = Main;
				INFOPLIST_KEY_UISupportedInterfaceOrientations = UIInterfaceOrientationPortrait;
				INFOPLIST_KEY_UISupportedInterfaceOrientations_iPad = "UIInterfaceOrientationLandscapeLeft UIInterfaceOrientationLandscapeRight UIInterfaceOrientationPortrait UIInterfaceOrientationPortraitUpsideDown";
				IPHONEOS_DEPLOYMENT_TARGET = 13.0;
				LD_RUNPATH_SEARCH_PATHS = (
					"$(inherited)",
					"@executable_path/Frameworks",
				);
				MARKETING_VERSION = 2.2.1;
				PRODUCT_BUNDLE_IDENTIFIER = com.pingidentity.sdk.pingoneverify.sample;
				PRODUCT_NAME = "$(TARGET_NAME)";
				SUPPORTED_PLATFORMS = "iphoneos iphonesimulator";
				SUPPORTS_MACCATALYST = NO;
				SUPPORTS_MAC_DESIGNED_FOR_IPHONE_IPAD = NO;
				SWIFT_EMIT_LOC_STRINGS = YES;
				SWIFT_VERSION = 5.0;
				TARGETED_DEVICE_FAMILY = 1;
			};
			name = Debug;
		};
		1C4253832909C179008E871B /* Release */ = {
			isa = XCBuildConfiguration;
			buildSettings = {
				ASSETCATALOG_COMPILER_APPICON_NAME = AppIcon;
				ASSETCATALOG_COMPILER_GLOBAL_ACCENT_COLOR_NAME = AccentColor;
				CODE_SIGN_STYLE = Automatic;
				CURRENT_PROJECT_VERSION = 47;
				DEVELOPMENT_ASSET_PATHS = "";
				DEVELOPMENT_TEAM = YZYUGL7S48;
				GENERATE_INFOPLIST_FILE = YES;
				INFOPLIST_FILE = "PingOne Verify/Info.plist";
				INFOPLIST_KEY_NSCameraUsageDescription = "Access to the camera is required for scanning your IDs and taking pictures.";
				INFOPLIST_KEY_NSMicrophoneUsageDescription = "Access to microphone is required for verifying your voice";
				INFOPLIST_KEY_UIApplicationSupportsIndirectInputEvents = YES;
				INFOPLIST_KEY_UILaunchStoryboardName = LaunchScreen;
				INFOPLIST_KEY_UIMainStoryboardFile = Main;
				INFOPLIST_KEY_UISupportedInterfaceOrientations = UIInterfaceOrientationPortrait;
				INFOPLIST_KEY_UISupportedInterfaceOrientations_iPad = "UIInterfaceOrientationLandscapeLeft UIInterfaceOrientationLandscapeRight UIInterfaceOrientationPortrait UIInterfaceOrientationPortraitUpsideDown";
				IPHONEOS_DEPLOYMENT_TARGET = 13.0;
				LD_RUNPATH_SEARCH_PATHS = (
					"$(inherited)",
					"@executable_path/Frameworks",
				);
				MARKETING_VERSION = 2.2.1;
				PRODUCT_BUNDLE_IDENTIFIER = com.pingidentity.sdk.pingoneverify.sample;
				PRODUCT_NAME = "$(TARGET_NAME)";
				SUPPORTED_PLATFORMS = "iphoneos iphonesimulator";
				SUPPORTS_MACCATALYST = NO;
				SUPPORTS_MAC_DESIGNED_FOR_IPHONE_IPAD = NO;
				SWIFT_EMIT_LOC_STRINGS = YES;
				SWIFT_VERSION = 5.0;
				TARGETED_DEVICE_FAMILY = 1;
			};
			name = Release;
		};
/* End XCBuildConfiguration section */

/* Begin XCConfigurationList section */
		1C4253682909C178008E871B /* Build configuration list for PBXProject "PingOne Verify" */ = {
			isa = XCConfigurationList;
			buildConfigurations = (
				1C42537F2909C179008E871B /* Debug */,
				1C4253802909C179008E871B /* Release */,
			);
			defaultConfigurationIsVisible = 0;
			defaultConfigurationName = Release;
		};
		1C4253812909C179008E871B /* Build configuration list for PBXNativeTarget "PingOne Verify" */ = {
			isa = XCConfigurationList;
			buildConfigurations = (
				1C4253822909C179008E871B /* Debug */,
				1C4253832909C179008E871B /* Release */,
			);
			defaultConfigurationIsVisible = 0;
			defaultConfigurationName = Release;
		};
/* End XCConfigurationList section */
	};
	rootObject = 1C4253652909C178008E871B /* Project object */;
}
