// !$*UTF8*$!
{
	archiveVersion = 1;
	classes = {
	};
	objectVersion = 52;
	objects = {

/* Begin PBXBuildFile section */
		1C299B1325E6C62800D970C6 /* CryptoTools.xcframework in Frameworks */ = {isa = PBXBuildFile; fileRef = 1C299B0D25E6C62800D970C6 /* CryptoTools.xcframework */; };
		1C299B1425E6C62800D970C6 /* CryptoTools.xcframework in Embed Frameworks */ = {isa = PBXBuildFile; fileRef = 1C299B0D25E6C62800D970C6 /* CryptoTools.xcframework */; settings = {ATTRIBUTES = (CodeSignOnCopy, RemoveHeadersOnCopy, ); }; };
		1C299B1525E6C62800D970C6 /* P1Verify.xcframework in Frameworks */ = {isa = PBXBuildFile; fileRef = 1C299B0E25E6C62800D970C6 /* P1Verify.xcframework */; };
		1C299B1625E6C62800D970C6 /* P1Verify.xcframework in Embed Frameworks */ = {isa = PBXBuildFile; fileRef = 1C299B0E25E6C62800D970C6 /* P1Verify.xcframework */; settings = {ATTRIBUTES = (CodeSignOnCopy, RemoveHeadersOnCopy, ); }; };
		1C299B1725E6C62800D970C6 /* JOSESwift.xcframework in Frameworks */ = {isa = PBXBuildFile; fileRef = 1C299B0F25E6C62800D970C6 /* JOSESwift.xcframework */; };
		1C299B1825E6C62800D970C6 /* JOSESwift.xcframework in Embed Frameworks */ = {isa = PBXBuildFile; fileRef = 1C299B0F25E6C62800D970C6 /* JOSESwift.xcframework */; settings = {ATTRIBUTES = (CodeSignOnCopy, RemoveHeadersOnCopy, ); }; };
		1C299B1925E6C62900D970C6 /* CommunicationManager.xcframework in Frameworks */ = {isa = PBXBuildFile; fileRef = 1C299B1025E6C62800D970C6 /* CommunicationManager.xcframework */; };
		1C299B1A25E6C62900D970C6 /* CommunicationManager.xcframework in Embed Frameworks */ = {isa = PBXBuildFile; fileRef = 1C299B1025E6C62800D970C6 /* CommunicationManager.xcframework */; settings = {ATTRIBUTES = (CodeSignOnCopy, RemoveHeadersOnCopy, ); }; };
		1C299B1B25E6C62900D970C6 /* JOSETools.xcframework in Frameworks */ = {isa = PBXBuildFile; fileRef = 1C299B1125E6C62800D970C6 /* JOSETools.xcframework */; };
		1C299B1C25E6C62900D970C6 /* JOSETools.xcframework in Embed Frameworks */ = {isa = PBXBuildFile; fileRef = 1C299B1125E6C62800D970C6 /* JOSETools.xcframework */; settings = {ATTRIBUTES = (CodeSignOnCopy, RemoveHeadersOnCopy, ); }; };
		1C299B1D25E6C62900D970C6 /* P1VerifyIDSchema.xcframework in Frameworks */ = {isa = PBXBuildFile; fileRef = 1C299B1225E6C62800D970C6 /* P1VerifyIDSchema.xcframework */; };
		1C299B1E25E6C62900D970C6 /* P1VerifyIDSchema.xcframework in Embed Frameworks */ = {isa = PBXBuildFile; fileRef = 1C299B1225E6C62800D970C6 /* P1VerifyIDSchema.xcframework */; settings = {ATTRIBUTES = (CodeSignOnCopy, RemoveHeadersOnCopy, ); }; };
		1C394D48259E7DB30013AD3F /* LiveFaceVerification.strings in Resources */ = {isa = PBXBuildFile; fileRef = 1C394D4A259E7DB30013AD3F /* LiveFaceVerification.strings */; };
		1C394D4D259E7DE40013AD3F /* IdScanner.strings in Resources */ = {isa = PBXBuildFile; fileRef = 1C394D4F259E7DE40013AD3F /* IdScanner.strings */; };
		1C971192256468760028466E /* iCarousel in Frameworks */ = {isa = PBXBuildFile; productRef = 1C971191256468760028466E /* iCarousel */; };
		1C97119825646DD30028466E /* StorageProtocol.swift in Sources */ = {isa = PBXBuildFile; fileRef = 1C97119425646DD30028466E /* StorageProtocol.swift */; };
		1C97119925646DD30028466E /* StorageManager.swift in Sources */ = {isa = PBXBuildFile; fileRef = 1C97119525646DD30028466E /* StorageManager.swift */; };
		1C97119A25646DD30028466E /* PersistentStorage.swift in Sources */ = {isa = PBXBuildFile; fileRef = 1C97119625646DD30028466E /* PersistentStorage.swift */; };
		1C97119B25646DD30028466E /* TempStorage.swift in Sources */ = {isa = PBXBuildFile; fileRef = 1C97119725646DD30028466E /* TempStorage.swift */; };
		1C97119E256482030028466E /* WizardStepViewController.swift in Sources */ = {isa = PBXBuildFile; fileRef = 1C97119D256482030028466E /* WizardStepViewController.swift */; };
		1C9711A02564826B0028466E /* WizardSelfieViewController.swift in Sources */ = {isa = PBXBuildFile; fileRef = 1C97119F2564826B0028466E /* WizardSelfieViewController.swift */; };
		1C9711A3256483390028466E /* UIImage+FixPortraitOrientation.swift in Sources */ = {isa = PBXBuildFile; fileRef = 1C9711A2256483390028466E /* UIImage+FixPortraitOrientation.swift */; };
		1C9711A5256484570028466E /* WizardDriverLicenseViewController.swift in Sources */ = {isa = PBXBuildFile; fileRef = 1C9711A4256484570028466E /* WizardDriverLicenseViewController.swift */; };
		1C9711A7256484F70028466E /* WizardPassportViewController.swift in Sources */ = {isa = PBXBuildFile; fileRef = 1C9711A6256484F70028466E /* WizardPassportViewController.swift */; };
		1C9711A9256486120028466E /* WizardPageViewController.swift in Sources */ = {isa = PBXBuildFile; fileRef = 1C9711A8256486120028466E /* WizardPageViewController.swift */; };
		1C9711AB256489980028466E /* WizardViewController.swift in Sources */ = {isa = PBXBuildFile; fileRef = 1C9711AA256489980028466E /* WizardViewController.swift */; };
		1C9711AD256492150028466E /* UIView+Border.swift in Sources */ = {isa = PBXBuildFile; fileRef = 1C9711AC256492150028466E /* UIView+Border.swift */; };
		1C9711AF256496E70028466E /* QRScannerViewController.swift in Sources */ = {isa = PBXBuildFile; fileRef = 1C9711AE256496E70028466E /* QRScannerViewController.swift */; };
		1C9711B1256497750028466E /* SettingsViewController.swift in Sources */ = {isa = PBXBuildFile; fileRef = 1C9711B0256497750028466E /* SettingsViewController.swift */; };
		1CBD1CEE256DA6AD001BFAB8 /* VerifyHomeViewController.swift in Sources */ = {isa = PBXBuildFile; fileRef = 1CEC66ED255F030B00BE4B6F /* VerifyHomeViewController.swift */; };
		1CBE3E88257AD69F009BD632 /* String+localized.swift in Sources */ = {isa = PBXBuildFile; fileRef = 1CBE3E87257AD69F009BD632 /* String+localized.swift */; };
		1CBE3E8B257AD815009BD632 /* Localizable.strings in Resources */ = {isa = PBXBuildFile; fileRef = 1CBE3E89257AD815009BD632 /* Localizable.strings */; };
		1CBE3E94257AF036009BD632 /* PollingHelper.swift in Sources */ = {isa = PBXBuildFile; fileRef = 1CBE3E93257AF036009BD632 /* PollingHelper.swift */; };
		1CC18E25256A331300A6842E /* WizardStep.swift in Sources */ = {isa = PBXBuildFile; fileRef = 1CC18E24256A331300A6842E /* WizardStep.swift */; };
		1CC18E87256C23CC00A6842E /* CardDetailsViewController.swift in Sources */ = {isa = PBXBuildFile; fileRef = 1CC18E7C256C219200A6842E /* CardDetailsViewController.swift */; };
		1CC18E88256C23CC00A6842E /* CardParamTableViewCell.swift in Sources */ = {isa = PBXBuildFile; fileRef = 1CC18E84256C228900A6842E /* CardParamTableViewCell.swift */; };
		1CC18E8A256C23CC00A6842E /* CardParamTableViewCell.xib in Resources */ = {isa = PBXBuildFile; fileRef = 1CC18E83256C228900A6842E /* CardParamTableViewCell.xib */; };
		1CC18E8C256C25C400A6842E /* IdCardKeys.swift in Sources */ = {isa = PBXBuildFile; fileRef = 1CC18E8B256C25C400A6842E /* IdCardKeys.swift */; };
		1CC18E8F256C2AB900A6842E /* UIColor+netHex.swift in Sources */ = {isa = PBXBuildFile; fileRef = 1CC18E8E256C2AB900A6842E /* UIColor+netHex.swift */; };
		1CC18E94256C4E1000A6842E /* WaitOverlayView.xib in Resources */ = {isa = PBXBuildFile; fileRef = 1CC18E92256C4E1000A6842E /* WaitOverlayView.xib */; };
		1CC18E95256C4E1000A6842E /* WaitOverlayView.swift in Sources */ = {isa = PBXBuildFile; fileRef = 1CC18E93256C4E1000A6842E /* WaitOverlayView.swift */; };
		1CC18E97256C4E2600A6842E /* UIApplication+WaitOverlay.swift in Sources */ = {isa = PBXBuildFile; fileRef = 1CC18E96256C4E2600A6842E /* UIApplication+WaitOverlay.swift */; };
		1CC18E9A256CB27900A6842E /* IDWalletCardView.swift in Sources */ = {isa = PBXBuildFile; fileRef = 1CC18E98256CB27900A6842E /* IDWalletCardView.swift */; };
		1CC18E9B256CB27900A6842E /* IDWalletCardView.xib in Resources */ = {isa = PBXBuildFile; fileRef = 1CC18E99256CB27900A6842E /* IDWalletCardView.xib */; };
		1CC18E9D256D85F600A6842E /* TicketEntryViewController.swift in Sources */ = {isa = PBXBuildFile; fileRef = 1CC18E9C256D85F600A6842E /* TicketEntryViewController.swift */; };
		1CC18E9F256D88DC00A6842E /* IdvHelper.swift in Sources */ = {isa = PBXBuildFile; fileRef = 1CC18E9E256D88DC00A6842E /* IdvHelper.swift */; };
		1CD0F93325D67C4E005B1F82 /* P1VerifyLib.xcframework in Frameworks */ = {isa = PBXBuildFile; fileRef = 1CD0F93225D67C4E005B1F82 /* P1VerifyLib.xcframework */; };
		1CD0F93425D67C4E005B1F82 /* P1VerifyLib.xcframework in Embed Frameworks */ = {isa = PBXBuildFile; fileRef = 1CD0F93225D67C4E005B1F82 /* P1VerifyLib.xcframework */; settings = {ATTRIBUTES = (CodeSignOnCopy, RemoveHeadersOnCopy, ); }; };
		1CEC66EA255F030B00BE4B6F /* AppDelegate.swift in Sources */ = {isa = PBXBuildFile; fileRef = 1CEC66E9255F030B00BE4B6F /* AppDelegate.swift */; };
		1CEC66F1255F030B00BE4B6F /* Verify.storyboard in Resources */ = {isa = PBXBuildFile; fileRef = 1CEC66EF255F030B00BE4B6F /* Verify.storyboard */; };
		1CEC66F3255F030C00BE4B6F /* Assets.xcassets in Resources */ = {isa = PBXBuildFile; fileRef = 1CEC66F2255F030C00BE4B6F /* Assets.xcassets */; };
		1CEC66F6255F030C00BE4B6F /* LaunchScreen.storyboard in Resources */ = {isa = PBXBuildFile; fileRef = 1CEC66F4255F030C00BE4B6F /* LaunchScreen.storyboard */; };
		1CF47BF3256DB8E6001C3C18 /* UIApplication+ErrorAlert.swift in Sources */ = {isa = PBXBuildFile; fileRef = 1CF47BF2256DB8E6001C3C18 /* UIApplication+ErrorAlert.swift */; };
		1CF47C06256DBCBE001C3C18 /* UIView+SlideAnimations.swift in Sources */ = {isa = PBXBuildFile; fileRef = 1CF47C05256DBCBE001C3C18 /* UIView+SlideAnimations.swift */; };
/* End PBXBuildFile section */

/* Begin PBXCopyFilesBuildPhase section */
		1CCD9DD725C8B32000A017F1 /* Embed Frameworks */ = {
			isa = PBXCopyFilesBuildPhase;
			buildActionMask = 2147483647;
			dstPath = "";
			dstSubfolderSpec = 10;
			files = (
				1C299B1625E6C62800D970C6 /* P1Verify.xcframework in Embed Frameworks */,
				1C299B1A25E6C62900D970C6 /* CommunicationManager.xcframework in Embed Frameworks */,
				1C299B1E25E6C62900D970C6 /* P1VerifyIDSchema.xcframework in Embed Frameworks */,
				1C299B1425E6C62800D970C6 /* CryptoTools.xcframework in Embed Frameworks */,
				1C299B1825E6C62800D970C6 /* JOSESwift.xcframework in Embed Frameworks */,
				1C299B1C25E6C62900D970C6 /* JOSETools.xcframework in Embed Frameworks */,
				1CD0F93425D67C4E005B1F82 /* P1VerifyLib.xcframework in Embed Frameworks */,
			);
			name = "Embed Frameworks";
			runOnlyForDeploymentPostprocessing = 0;
		};
/* End PBXCopyFilesBuildPhase section */

/* Begin PBXFileReference section */
		1C299B0D25E6C62800D970C6 /* CryptoTools.xcframework */ = {isa = PBXFileReference; lastKnownFileType = wrapper.xcframework; name = CryptoTools.xcframework; path = ../SDK/CryptoTools.xcframework; sourceTree = "<group>"; };
		1C299B0E25E6C62800D970C6 /* P1Verify.xcframework */ = {isa = PBXFileReference; lastKnownFileType = wrapper.xcframework; name = P1Verify.xcframework; path = ../SDK/P1Verify.xcframework; sourceTree = "<group>"; };
		1C299B0F25E6C62800D970C6 /* JOSESwift.xcframework */ = {isa = PBXFileReference; lastKnownFileType = wrapper.xcframework; name = JOSESwift.xcframework; path = ../SDK/JOSESwift.xcframework; sourceTree = "<group>"; };
		1C299B1025E6C62800D970C6 /* CommunicationManager.xcframework */ = {isa = PBXFileReference; lastKnownFileType = wrapper.xcframework; name = CommunicationManager.xcframework; path = ../SDK/CommunicationManager.xcframework; sourceTree = "<group>"; };
		1C299B1125E6C62800D970C6 /* JOSETools.xcframework */ = {isa = PBXFileReference; lastKnownFileType = wrapper.xcframework; name = JOSETools.xcframework; path = ../SDK/JOSETools.xcframework; sourceTree = "<group>"; };
		1C299B1225E6C62800D970C6 /* P1VerifyIDSchema.xcframework */ = {isa = PBXFileReference; lastKnownFileType = wrapper.xcframework; name = P1VerifyIDSchema.xcframework; path = ../SDK/P1VerifyIDSchema.xcframework; sourceTree = "<group>"; };
		1C394D49259E7DB30013AD3F /* en */ = {isa = PBXFileReference; lastKnownFileType = text.plist.strings; name = en; path = en.lproj/LiveFaceVerification.strings; sourceTree = "<group>"; };
		1C394D4E259E7DE40013AD3F /* en */ = {isa = PBXFileReference; lastKnownFileType = text.plist.strings; name = en; path = en.lproj/IdScanner.strings; sourceTree = "<group>"; };
		1C97114F25643C310028466E /* P1VerifyApp.entitlements */ = {isa = PBXFileReference; lastKnownFileType = text.plist.entitlements; path = P1VerifyApp.entitlements; sourceTree = "<group>"; };
		1C97119425646DD30028466E /* StorageProtocol.swift */ = {isa = PBXFileReference; fileEncoding = 4; lastKnownFileType = sourcecode.swift; path = StorageProtocol.swift; sourceTree = "<group>"; };
		1C97119525646DD30028466E /* StorageManager.swift */ = {isa = PBXFileReference; fileEncoding = 4; lastKnownFileType = sourcecode.swift; path = StorageManager.swift; sourceTree = "<group>"; };
		1C97119625646DD30028466E /* PersistentStorage.swift */ = {isa = PBXFileReference; fileEncoding = 4; lastKnownFileType = sourcecode.swift; path = PersistentStorage.swift; sourceTree = "<group>"; };
		1C97119725646DD30028466E /* TempStorage.swift */ = {isa = PBXFileReference; fileEncoding = 4; lastKnownFileType = sourcecode.swift; path = TempStorage.swift; sourceTree = "<group>"; };
		1C97119D256482030028466E /* WizardStepViewController.swift */ = {isa = PBXFileReference; lastKnownFileType = sourcecode.swift; path = WizardStepViewController.swift; sourceTree = "<group>"; };
		1C97119F2564826B0028466E /* WizardSelfieViewController.swift */ = {isa = PBXFileReference; lastKnownFileType = sourcecode.swift; path = WizardSelfieViewController.swift; sourceTree = "<group>"; };
		1C9711A2256483390028466E /* UIImage+FixPortraitOrientation.swift */ = {isa = PBXFileReference; lastKnownFileType = sourcecode.swift; path = "UIImage+FixPortraitOrientation.swift"; sourceTree = "<group>"; };
		1C9711A4256484570028466E /* WizardDriverLicenseViewController.swift */ = {isa = PBXFileReference; lastKnownFileType = sourcecode.swift; path = WizardDriverLicenseViewController.swift; sourceTree = "<group>"; };
		1C9711A6256484F70028466E /* WizardPassportViewController.swift */ = {isa = PBXFileReference; lastKnownFileType = sourcecode.swift; path = WizardPassportViewController.swift; sourceTree = "<group>"; };
		1C9711A8256486120028466E /* WizardPageViewController.swift */ = {isa = PBXFileReference; lastKnownFileType = sourcecode.swift; path = WizardPageViewController.swift; sourceTree = "<group>"; };
		1C9711AA256489980028466E /* WizardViewController.swift */ = {isa = PBXFileReference; lastKnownFileType = sourcecode.swift; path = WizardViewController.swift; sourceTree = "<group>"; };
		1C9711AC256492150028466E /* UIView+Border.swift */ = {isa = PBXFileReference; lastKnownFileType = sourcecode.swift; path = "UIView+Border.swift"; sourceTree = "<group>"; };
		1C9711AE256496E70028466E /* QRScannerViewController.swift */ = {isa = PBXFileReference; lastKnownFileType = sourcecode.swift; path = QRScannerViewController.swift; sourceTree = "<group>"; };
		1C9711B0256497750028466E /* SettingsViewController.swift */ = {isa = PBXFileReference; lastKnownFileType = sourcecode.swift; path = SettingsViewController.swift; sourceTree = "<group>"; };
		1CBE3E87257AD69F009BD632 /* String+localized.swift */ = {isa = PBXFileReference; lastKnownFileType = sourcecode.swift; path = "String+localized.swift"; sourceTree = "<group>"; };
		1CBE3E8A257AD815009BD632 /* Base */ = {isa = PBXFileReference; lastKnownFileType = text.plist.strings; name = Base; path = P1VerifyApp/Base.lproj/Localizable.strings; sourceTree = SOURCE_ROOT; };
		1CBE3E8C257AD824009BD632 /* en */ = {isa = PBXFileReference; lastKnownFileType = text.plist.strings; name = en; path = ../en.lproj/Localizable.strings; sourceTree = "<group>"; };
		1CBE3E92257ADA09009BD632 /* en */ = {isa = PBXFileReference; lastKnownFileType = text.plist.strings; name = en; path = en.lproj/Verify.strings; sourceTree = "<group>"; };
		1CBE3E93257AF036009BD632 /* PollingHelper.swift */ = {isa = PBXFileReference; lastKnownFileType = sourcecode.swift; path = PollingHelper.swift; sourceTree = "<group>"; };
		1CC18E24256A331300A6842E /* WizardStep.swift */ = {isa = PBXFileReference; lastKnownFileType = sourcecode.swift; path = WizardStep.swift; sourceTree = "<group>"; };
		1CC18E7C256C219200A6842E /* CardDetailsViewController.swift */ = {isa = PBXFileReference; fileEncoding = 4; lastKnownFileType = sourcecode.swift; path = CardDetailsViewController.swift; sourceTree = "<group>"; };
		1CC18E83256C228900A6842E /* CardParamTableViewCell.xib */ = {isa = PBXFileReference; fileEncoding = 4; lastKnownFileType = file.xib; path = CardParamTableViewCell.xib; sourceTree = "<group>"; };
		1CC18E84256C228900A6842E /* CardParamTableViewCell.swift */ = {isa = PBXFileReference; fileEncoding = 4; lastKnownFileType = sourcecode.swift; path = CardParamTableViewCell.swift; sourceTree = "<group>"; };
		1CC18E8B256C25C400A6842E /* IdCardKeys.swift */ = {isa = PBXFileReference; lastKnownFileType = sourcecode.swift; path = IdCardKeys.swift; sourceTree = "<group>"; };
		1CC18E8E256C2AB900A6842E /* UIColor+netHex.swift */ = {isa = PBXFileReference; lastKnownFileType = sourcecode.swift; path = "UIColor+netHex.swift"; sourceTree = "<group>"; };
		1CC18E92256C4E1000A6842E /* WaitOverlayView.xib */ = {isa = PBXFileReference; fileEncoding = 4; lastKnownFileType = file.xib; path = WaitOverlayView.xib; sourceTree = "<group>"; };
		1CC18E93256C4E1000A6842E /* WaitOverlayView.swift */ = {isa = PBXFileReference; fileEncoding = 4; lastKnownFileType = sourcecode.swift; path = WaitOverlayView.swift; sourceTree = "<group>"; };
		1CC18E96256C4E2600A6842E /* UIApplication+WaitOverlay.swift */ = {isa = PBXFileReference; lastKnownFileType = sourcecode.swift; path = "UIApplication+WaitOverlay.swift"; sourceTree = "<group>"; };
		1CC18E98256CB27900A6842E /* IDWalletCardView.swift */ = {isa = PBXFileReference; fileEncoding = 4; lastKnownFileType = sourcecode.swift; path = IDWalletCardView.swift; sourceTree = "<group>"; };
		1CC18E99256CB27900A6842E /* IDWalletCardView.xib */ = {isa = PBXFileReference; fileEncoding = 4; lastKnownFileType = file.xib; path = IDWalletCardView.xib; sourceTree = "<group>"; };
		1CC18E9C256D85F600A6842E /* TicketEntryViewController.swift */ = {isa = PBXFileReference; lastKnownFileType = sourcecode.swift; path = TicketEntryViewController.swift; sourceTree = "<group>"; };
		1CC18E9E256D88DC00A6842E /* IdvHelper.swift */ = {isa = PBXFileReference; fileEncoding = 4; lastKnownFileType = sourcecode.swift; path = IdvHelper.swift; sourceTree = "<group>"; };
		1CD0F93225D67C4E005B1F82 /* P1VerifyLib.xcframework */ = {isa = PBXFileReference; lastKnownFileType = wrapper.xcframework; name = P1VerifyLib.xcframework; path = "../SDK/UI Library/P1VerifyLib.xcframework"; sourceTree = "<group>"; };
		1CEC66E6255F030B00BE4B6F /* P1VerifyApp.app */ = {isa = PBXFileReference; explicitFileType = wrapper.application; includeInIndex = 0; path = P1VerifyApp.app; sourceTree = BUILT_PRODUCTS_DIR; };
		1CEC66E9255F030B00BE4B6F /* AppDelegate.swift */ = {isa = PBXFileReference; lastKnownFileType = sourcecode.swift; path = AppDelegate.swift; sourceTree = "<group>"; };
		1CEC66ED255F030B00BE4B6F /* VerifyHomeViewController.swift */ = {isa = PBXFileReference; lastKnownFileType = sourcecode.swift; path = VerifyHomeViewController.swift; sourceTree = "<group>"; };
		1CEC66F0255F030B00BE4B6F /* Base */ = {isa = PBXFileReference; lastKnownFileType = file.storyboard; name = Base; path = Base.lproj/Verify.storyboard; sourceTree = "<group>"; };
		1CEC66F2255F030C00BE4B6F /* Assets.xcassets */ = {isa = PBXFileReference; lastKnownFileType = folder.assetcatalog; path = Assets.xcassets; sourceTree = "<group>"; };
		1CEC66F5255F030C00BE4B6F /* Base */ = {isa = PBXFileReference; lastKnownFileType = file.storyboard; name = Base; path = Base.lproj/LaunchScreen.storyboard; sourceTree = "<group>"; };
		1CEC66F7255F030C00BE4B6F /* Info.plist */ = {isa = PBXFileReference; lastKnownFileType = text.plist.xml; path = Info.plist; sourceTree = "<group>"; };
		1CF47BF2256DB8E6001C3C18 /* UIApplication+ErrorAlert.swift */ = {isa = PBXFileReference; lastKnownFileType = sourcecode.swift; path = "UIApplication+ErrorAlert.swift"; sourceTree = "<group>"; };
		1CF47C05256DBCBE001C3C18 /* UIView+SlideAnimations.swift */ = {isa = PBXFileReference; lastKnownFileType = sourcecode.swift; path = "UIView+SlideAnimations.swift"; sourceTree = "<group>"; };
/* End PBXFileReference section */

/* Begin PBXFrameworksBuildPhase section */
		1CEC66E3255F030B00BE4B6F /* Frameworks */ = {
			isa = PBXFrameworksBuildPhase;
			buildActionMask = 2147483647;
			files = (
				1C971192256468760028466E /* iCarousel in Frameworks */,
				1C299B1725E6C62800D970C6 /* JOSESwift.xcframework in Frameworks */,
				1C299B1525E6C62800D970C6 /* P1Verify.xcframework in Frameworks */,
				1C299B1325E6C62800D970C6 /* CryptoTools.xcframework in Frameworks */,
				1C299B1B25E6C62900D970C6 /* JOSETools.xcframework in Frameworks */,
				1C299B1925E6C62900D970C6 /* CommunicationManager.xcframework in Frameworks */,
				1CD0F93325D67C4E005B1F82 /* P1VerifyLib.xcframework in Frameworks */,
				1C299B1D25E6C62900D970C6 /* P1VerifyIDSchema.xcframework in Frameworks */,
			);
			runOnlyForDeploymentPostprocessing = 0;
		};
/* End PBXFrameworksBuildPhase section */

/* Begin PBXGroup section */
		1C97113825643B570028466E /* Frameworks */ = {
			isa = PBXGroup;
			children = (
				1C299B1025E6C62800D970C6 /* CommunicationManager.xcframework */,
				1C299B0D25E6C62800D970C6 /* CryptoTools.xcframework */,
				1C299B0F25E6C62800D970C6 /* JOSESwift.xcframework */,
				1C299B1125E6C62800D970C6 /* JOSETools.xcframework */,
				1C299B0E25E6C62800D970C6 /* P1Verify.xcframework */,
				1C299B1225E6C62800D970C6 /* P1VerifyIDSchema.xcframework */,
				1CD0F93225D67C4E005B1F82 /* P1VerifyLib.xcframework */,
			);
			name = Frameworks;
			sourceTree = "<group>";
		};
		1C97119325646DA80028466E /* storage */ = {
			isa = PBXGroup;
			children = (
				1C97119625646DD30028466E /* PersistentStorage.swift */,
				1C97119525646DD30028466E /* StorageManager.swift */,
				1C97119425646DD30028466E /* StorageProtocol.swift */,
				1C97119725646DD30028466E /* TempStorage.swift */,
			);
			path = storage;
			sourceTree = "<group>";
		};
		1C97119C256481EE0028466E /* wizard */ = {
			isa = PBXGroup;
			children = (
				1C9711AA256489980028466E /* WizardViewController.swift */,
				1C9711A8256486120028466E /* WizardPageViewController.swift */,
				1C97119D256482030028466E /* WizardStepViewController.swift */,
				1C97119F2564826B0028466E /* WizardSelfieViewController.swift */,
				1C9711A4256484570028466E /* WizardDriverLicenseViewController.swift */,
				1C9711A6256484F70028466E /* WizardPassportViewController.swift */,
				1CC18E24256A331300A6842E /* WizardStep.swift */,
			);
			path = wizard;
			sourceTree = "<group>";
		};
		1C9711A1256483250028466E /* extensions */ = {
			isa = PBXGroup;
			children = (
				1C9711A2256483390028466E /* UIImage+FixPortraitOrientation.swift */,
				1C9711AC256492150028466E /* UIView+Border.swift */,
				1CC18E8E256C2AB900A6842E /* UIColor+netHex.swift */,
				1CC18E96256C4E2600A6842E /* UIApplication+WaitOverlay.swift */,
				1CF47BF2256DB8E6001C3C18 /* UIApplication+ErrorAlert.swift */,
				1CF47C05256DBCBE001C3C18 /* UIView+SlideAnimations.swift */,
				1CBE3E87257AD69F009BD632 /* String+localized.swift */,
			);
			path = extensions;
			sourceTree = "<group>";
		};
		1CBE3E6B25795851009BD632 /* viewcontrollers */ = {
			isa = PBXGroup;
			children = (
				1CEC66ED255F030B00BE4B6F /* VerifyHomeViewController.swift */,
				1CC18E7C256C219200A6842E /* CardDetailsViewController.swift */,
				1C9711AE256496E70028466E /* QRScannerViewController.swift */,
				1CC18E9C256D85F600A6842E /* TicketEntryViewController.swift */,
				1C9711B0256497750028466E /* SettingsViewController.swift */,
			);
			path = viewcontrollers;
			sourceTree = "<group>";
		};
		1CBE3E6C25795868009BD632 /* resources */ = {
			isa = PBXGroup;
			children = (
				1CEC66F4255F030C00BE4B6F /* LaunchScreen.storyboard */,
				1CEC66EF255F030B00BE4B6F /* Verify.storyboard */,
				1CC18E99256CB27900A6842E /* IDWalletCardView.xib */,
				1CC18E83256C228900A6842E /* CardParamTableViewCell.xib */,
				1CC18E92256C4E1000A6842E /* WaitOverlayView.xib */,
				1CBE3E89257AD815009BD632 /* Localizable.strings */,
				1C394D4A259E7DB30013AD3F /* LiveFaceVerification.strings */,
				1C394D4F259E7DE40013AD3F /* IdScanner.strings */,
			);
			path = resources;
			sourceTree = "<group>";
		};
		1CBE3E6D25795890009BD632 /* views */ = {
			isa = PBXGroup;
			children = (
				1CC18E98256CB27900A6842E /* IDWalletCardView.swift */,
				1CC18E84256C228900A6842E /* CardParamTableViewCell.swift */,
				1CC18E93256C4E1000A6842E /* WaitOverlayView.swift */,
			);
			path = views;
			sourceTree = "<group>";
		};
		1CC18E8D256C26EB00A6842E /* utils */ = {
			isa = PBXGroup;
			children = (
				1CC18E9E256D88DC00A6842E /* IdvHelper.swift */,
				1CC18E8B256C25C400A6842E /* IdCardKeys.swift */,
				1CBE3E93257AF036009BD632 /* PollingHelper.swift */,
			);
			path = utils;
			sourceTree = "<group>";
		};
		1CEC66DD255F030B00BE4B6F = {
			isa = PBXGroup;
			children = (
				1CEC66E8255F030B00BE4B6F /* P1VerifyApp */,
				1CEC66E7255F030B00BE4B6F /* Products */,
				1C97113825643B570028466E /* Frameworks */,
			);
			sourceTree = "<group>";
		};
		1CEC66E7255F030B00BE4B6F /* Products */ = {
			isa = PBXGroup;
			children = (
				1CEC66E6255F030B00BE4B6F /* P1VerifyApp.app */,
			);
			name = Products;
			sourceTree = "<group>";
		};
		1CEC66E8255F030B00BE4B6F /* P1VerifyApp */ = {
			isa = PBXGroup;
			children = (
				1CEC66E9255F030B00BE4B6F /* AppDelegate.swift */,
				1C97114F25643C310028466E /* P1VerifyApp.entitlements */,
				1CEC66F7255F030C00BE4B6F /* Info.plist */,
				1CBE3E6C25795868009BD632 /* resources */,
				1CBE3E6B25795851009BD632 /* viewcontrollers */,
				1CBE3E6D25795890009BD632 /* views */,
				1CEC66F2255F030C00BE4B6F /* Assets.xcassets */,
				1C9711A1256483250028466E /* extensions */,
				1C97119325646DA80028466E /* storage */,
				1CC18E8D256C26EB00A6842E /* utils */,
				1C97119C256481EE0028466E /* wizard */,
			);
			path = P1VerifyApp;
			sourceTree = "<group>";
		};
/* End PBXGroup section */

/* Begin PBXNativeTarget section */
		1CEC66E5255F030B00BE4B6F /* P1VerifyApp */ = {
			isa = PBXNativeTarget;
			buildConfigurationList = 1CEC66FA255F030C00BE4B6F /* Build configuration list for PBXNativeTarget "P1VerifyApp" */;
			buildPhases = (
				1CEC66E2255F030B00BE4B6F /* Sources */,
				1CEC66E3255F030B00BE4B6F /* Frameworks */,
				1CEC66E4255F030B00BE4B6F /* Resources */,
				1CCD9DD725C8B32000A017F1 /* Embed Frameworks */,
			);
			buildRules = (
			);
			dependencies = (
			);
			name = P1VerifyApp;
			packageProductDependencies = (
				1C971191256468760028466E /* iCarousel */,
			);
			productName = P1VerifyApp;
			productReference = 1CEC66E6255F030B00BE4B6F /* P1VerifyApp.app */;
			productType = "com.apple.product-type.application";
		};
/* End PBXNativeTarget section */

/* Begin PBXProject section */
		1CEC66DE255F030B00BE4B6F /* Project object */ = {
			isa = PBXProject;
			attributes = {
				LastSwiftUpdateCheck = 1210;
				LastUpgradeCheck = 1210;
				TargetAttributes = {
					1CEC66E5255F030B00BE4B6F = {
						CreatedOnToolsVersion = 12.1;
					};
				};
			};
			buildConfigurationList = 1CEC66E1255F030B00BE4B6F /* Build configuration list for PBXProject "P1VerifyApp" */;
			compatibilityVersion = "Xcode 9.3";
			developmentRegion = en;
			hasScannedForEncodings = 0;
			knownRegions = (
				en,
				Base,
			);
			mainGroup = 1CEC66DD255F030B00BE4B6F;
			packageReferences = (
				1C971190256468760028466E /* XCRemoteSwiftPackageReference "iCarousel" */,
			);
			productRefGroup = 1CEC66E7255F030B00BE4B6F /* Products */;
			projectDirPath = "";
			projectRoot = "";
			targets = (
				1CEC66E5255F030B00BE4B6F /* P1VerifyApp */,
			);
		};
/* End PBXProject section */

/* Begin PBXResourcesBuildPhase section */
		1CEC66E4255F030B00BE4B6F /* Resources */ = {
			isa = PBXResourcesBuildPhase;
			buildActionMask = 2147483647;
			files = (
				1C394D4D259E7DE40013AD3F /* IdScanner.strings in Resources */,
				1CEC66F6255F030C00BE4B6F /* LaunchScreen.storyboard in Resources */,
				1CC18E9B256CB27900A6842E /* IDWalletCardView.xib in Resources */,
				1CC18E94256C4E1000A6842E /* WaitOverlayView.xib in Resources */,
				1CBE3E8B257AD815009BD632 /* Localizable.strings in Resources */,
				1CEC66F3255F030C00BE4B6F /* Assets.xcassets in Resources */,
				1CEC66F1255F030B00BE4B6F /* Verify.storyboard in Resources */,
				1C394D48259E7DB30013AD3F /* LiveFaceVerification.strings in Resources */,
				1CC18E8A256C23CC00A6842E /* CardParamTableViewCell.xib in Resources */,
			);
			runOnlyForDeploymentPostprocessing = 0;
		};
/* End PBXResourcesBuildPhase section */

/* Begin PBXSourcesBuildPhase section */
		1CEC66E2255F030B00BE4B6F /* Sources */ = {
			isa = PBXSourcesBuildPhase;
			buildActionMask = 2147483647;
			files = (
				1CC18E95256C4E1000A6842E /* WaitOverlayView.swift in Sources */,
				1CC18E87256C23CC00A6842E /* CardDetailsViewController.swift in Sources */,
				1C97119825646DD30028466E /* StorageProtocol.swift in Sources */,
				1CEC66EA255F030B00BE4B6F /* AppDelegate.swift in Sources */,
				1CC18E9D256D85F600A6842E /* TicketEntryViewController.swift in Sources */,
				1C9711A5256484570028466E /* WizardDriverLicenseViewController.swift in Sources */,
				1C9711AD256492150028466E /* UIView+Border.swift in Sources */,
				1CBE3E88257AD69F009BD632 /* String+localized.swift in Sources */,
				1C9711AF256496E70028466E /* QRScannerViewController.swift in Sources */,
				1C97119B25646DD30028466E /* TempStorage.swift in Sources */,
				1CBE3E94257AF036009BD632 /* PollingHelper.swift in Sources */,
				1CF47BF3256DB8E6001C3C18 /* UIApplication+ErrorAlert.swift in Sources */,
				1CC18E8F256C2AB900A6842E /* UIColor+netHex.swift in Sources */,
				1C9711B1256497750028466E /* SettingsViewController.swift in Sources */,
				1CBD1CEE256DA6AD001BFAB8 /* VerifyHomeViewController.swift in Sources */,
				1CC18E88256C23CC00A6842E /* CardParamTableViewCell.swift in Sources */,
				1CC18E9A256CB27900A6842E /* IDWalletCardView.swift in Sources */,
				1C9711A3256483390028466E /* UIImage+FixPortraitOrientation.swift in Sources */,
				1C9711A7256484F70028466E /* WizardPassportViewController.swift in Sources */,
				1C97119A25646DD30028466E /* PersistentStorage.swift in Sources */,
				1CC18E9F256D88DC00A6842E /* IdvHelper.swift in Sources */,
				1CF47C06256DBCBE001C3C18 /* UIView+SlideAnimations.swift in Sources */,
				1C9711AB256489980028466E /* WizardViewController.swift in Sources */,
				1C97119925646DD30028466E /* StorageManager.swift in Sources */,
				1CC18E25256A331300A6842E /* WizardStep.swift in Sources */,
				1CC18E97256C4E2600A6842E /* UIApplication+WaitOverlay.swift in Sources */,
				1C9711A02564826B0028466E /* WizardSelfieViewController.swift in Sources */,
				1C9711A9256486120028466E /* WizardPageViewController.swift in Sources */,
				1CC18E8C256C25C400A6842E /* IdCardKeys.swift in Sources */,
				1C97119E256482030028466E /* WizardStepViewController.swift in Sources */,
			);
			runOnlyForDeploymentPostprocessing = 0;
		};
/* End PBXSourcesBuildPhase section */

/* Begin PBXVariantGroup section */
		1C394D4A259E7DB30013AD3F /* LiveFaceVerification.strings */ = {
			isa = PBXVariantGroup;
			children = (
				1C394D49259E7DB30013AD3F /* en */,
			);
			name = LiveFaceVerification.strings;
			sourceTree = "<group>";
		};
		1C394D4F259E7DE40013AD3F /* IdScanner.strings */ = {
			isa = PBXVariantGroup;
			children = (
				1C394D4E259E7DE40013AD3F /* en */,
			);
			name = IdScanner.strings;
			sourceTree = "<group>";
		};
		1CBE3E89257AD815009BD632 /* Localizable.strings */ = {
			isa = PBXVariantGroup;
			children = (
				1CBE3E8A257AD815009BD632 /* Base */,
				1CBE3E8C257AD824009BD632 /* en */,
			);
			name = Localizable.strings;
			sourceTree = "<group>";
		};
		1CEC66EF255F030B00BE4B6F /* Verify.storyboard */ = {
			isa = PBXVariantGroup;
			children = (
				1CEC66F0255F030B00BE4B6F /* Base */,
				1CBE3E92257ADA09009BD632 /* en */,
			);
			name = Verify.storyboard;
			sourceTree = "<group>";
		};
		1CEC66F4255F030C00BE4B6F /* LaunchScreen.storyboard */ = {
			isa = PBXVariantGroup;
			children = (
				1CEC66F5255F030C00BE4B6F /* Base */,
			);
			name = LaunchScreen.storyboard;
			sourceTree = "<group>";
		};
/* End PBXVariantGroup section */

/* Begin XCBuildConfiguration section */
		1CEC66F8255F030C00BE4B6F /* Debug */ = {
			isa = XCBuildConfiguration;
			buildSettings = {
				ALWAYS_SEARCH_USER_PATHS = NO;
				CLANG_ANALYZER_NONNULL = YES;
				CLANG_ANALYZER_NUMBER_OBJECT_CONVERSION = YES_AGGRESSIVE;
				CLANG_CXX_LANGUAGE_STANDARD = "gnu++14";
				CLANG_CXX_LIBRARY = "libc++";
				CLANG_ENABLE_MODULES = YES;
				CLANG_ENABLE_OBJC_ARC = YES;
				CLANG_ENABLE_OBJC_WEAK = YES;
				CLANG_WARN_BLOCK_CAPTURE_AUTORELEASING = YES;
				CLANG_WARN_BOOL_CONVERSION = YES;
				CLANG_WARN_COMMA = YES;
				CLANG_WARN_CONSTANT_CONVERSION = YES;
				CLANG_WARN_DEPRECATED_OBJC_IMPLEMENTATIONS = YES;
				CLANG_WARN_DIRECT_OBJC_ISA_USAGE = YES_ERROR;
				CLANG_WARN_DOCUMENTATION_COMMENTS = YES;
				CLANG_WARN_EMPTY_BODY = YES;
				CLANG_WARN_ENUM_CONVERSION = YES;
				CLANG_WARN_INFINITE_RECURSION = YES;
				CLANG_WARN_INT_CONVERSION = YES;
				CLANG_WARN_NON_LITERAL_NULL_CONVERSION = YES;
				CLANG_WARN_OBJC_IMPLICIT_RETAIN_SELF = YES;
				CLANG_WARN_OBJC_LITERAL_CONVERSION = YES;
				CLANG_WARN_OBJC_ROOT_CLASS = YES_ERROR;
				CLANG_WARN_QUOTED_INCLUDE_IN_FRAMEWORK_HEADER = YES;
				CLANG_WARN_RANGE_LOOP_ANALYSIS = YES;
				CLANG_WARN_STRICT_PROTOTYPES = YES;
				CLANG_WARN_SUSPICIOUS_MOVE = YES;
				CLANG_WARN_UNGUARDED_AVAILABILITY = YES_AGGRESSIVE;
				CLANG_WARN_UNREACHABLE_CODE = YES;
				CLANG_WARN__DUPLICATE_METHOD_MATCH = YES;
				COPY_PHASE_STRIP = NO;
				DEBUG_INFORMATION_FORMAT = dwarf;
				ENABLE_STRICT_OBJC_MSGSEND = YES;
				ENABLE_TESTABILITY = YES;
				GCC_C_LANGUAGE_STANDARD = gnu11;
				GCC_DYNAMIC_NO_PIC = NO;
				GCC_NO_COMMON_BLOCKS = YES;
				GCC_OPTIMIZATION_LEVEL = 0;
				GCC_PREPROCESSOR_DEFINITIONS = (
					"DEBUG=1",
					"$(inherited)",
				);
				GCC_WARN_64_TO_32_BIT_CONVERSION = YES;
				GCC_WARN_ABOUT_RETURN_TYPE = YES_ERROR;
				GCC_WARN_UNDECLARED_SELECTOR = YES;
				GCC_WARN_UNINITIALIZED_AUTOS = YES_AGGRESSIVE;
				GCC_WARN_UNUSED_FUNCTION = YES;
				GCC_WARN_UNUSED_VARIABLE = YES;
				IPHONEOS_DEPLOYMENT_TARGET = 14.1;
				MTL_ENABLE_DEBUG_INFO = INCLUDE_SOURCE;
				MTL_FAST_MATH = YES;
				ONLY_ACTIVE_ARCH = YES;
				SDKROOT = iphoneos;
				SWIFT_ACTIVE_COMPILATION_CONDITIONS = DEBUG;
				SWIFT_OPTIMIZATION_LEVEL = "-Onone";
			};
			name = Debug;
		};
		1CEC66F9255F030C00BE4B6F /* Release */ = {
			isa = XCBuildConfiguration;
			buildSettings = {
				ALWAYS_SEARCH_USER_PATHS = NO;
				CLANG_ANALYZER_NONNULL = YES;
				CLANG_ANALYZER_NUMBER_OBJECT_CONVERSION = YES_AGGRESSIVE;
				CLANG_CXX_LANGUAGE_STANDARD = "gnu++14";
				CLANG_CXX_LIBRARY = "libc++";
				CLANG_ENABLE_MODULES = YES;
				CLANG_ENABLE_OBJC_ARC = YES;
				CLANG_ENABLE_OBJC_WEAK = YES;
				CLANG_WARN_BLOCK_CAPTURE_AUTORELEASING = YES;
				CLANG_WARN_BOOL_CONVERSION = YES;
				CLANG_WARN_COMMA = YES;
				CLANG_WARN_CONSTANT_CONVERSION = YES;
				CLANG_WARN_DEPRECATED_OBJC_IMPLEMENTATIONS = YES;
				CLANG_WARN_DIRECT_OBJC_ISA_USAGE = YES_ERROR;
				CLANG_WARN_DOCUMENTATION_COMMENTS = YES;
				CLANG_WARN_EMPTY_BODY = YES;
				CLANG_WARN_ENUM_CONVERSION = YES;
				CLANG_WARN_INFINITE_RECURSION = YES;
				CLANG_WARN_INT_CONVERSION = YES;
				CLANG_WARN_NON_LITERAL_NULL_CONVERSION = YES;
				CLANG_WARN_OBJC_IMPLICIT_RETAIN_SELF = YES;
				CLANG_WARN_OBJC_LITERAL_CONVERSION = YES;
				CLANG_WARN_OBJC_ROOT_CLASS = YES_ERROR;
				CLANG_WARN_QUOTED_INCLUDE_IN_FRAMEWORK_HEADER = YES;
				CLANG_WARN_RANGE_LOOP_ANALYSIS = YES;
				CLANG_WARN_STRICT_PROTOTYPES = YES;
				CLANG_WARN_SUSPICIOUS_MOVE = YES;
				CLANG_WARN_UNGUARDED_AVAILABILITY = YES_AGGRESSIVE;
				CLANG_WARN_UNREACHABLE_CODE = YES;
				CLANG_WARN__DUPLICATE_METHOD_MATCH = YES;
				COPY_PHASE_STRIP = NO;
				DEBUG_INFORMATION_FORMAT = "dwarf-with-dsym";
				ENABLE_NS_ASSERTIONS = NO;
				ENABLE_STRICT_OBJC_MSGSEND = YES;
				GCC_C_LANGUAGE_STANDARD = gnu11;
				GCC_NO_COMMON_BLOCKS = YES;
				GCC_WARN_64_TO_32_BIT_CONVERSION = YES;
				GCC_WARN_ABOUT_RETURN_TYPE = YES_ERROR;
				GCC_WARN_UNDECLARED_SELECTOR = YES;
				GCC_WARN_UNINITIALIZED_AUTOS = YES_AGGRESSIVE;
				GCC_WARN_UNUSED_FUNCTION = YES;
				GCC_WARN_UNUSED_VARIABLE = YES;
				IPHONEOS_DEPLOYMENT_TARGET = 14.1;
				MTL_ENABLE_DEBUG_INFO = NO;
				MTL_FAST_MATH = YES;
				SDKROOT = iphoneos;
				SWIFT_COMPILATION_MODE = wholemodule;
				SWIFT_OPTIMIZATION_LEVEL = "-O";
				VALIDATE_PRODUCT = YES;
			};
			name = Release;
		};
		1CEC66FB255F030C00BE4B6F /* Debug */ = {
			isa = XCBuildConfiguration;
			buildSettings = {
				ASSETCATALOG_COMPILER_APPICON_NAME = AppIcon;
				ASSETCATALOG_COMPILER_GLOBAL_ACCENT_COLOR_NAME = AccentColor;
				CODE_SIGN_ENTITLEMENTS = P1VerifyApp/P1VerifyApp.entitlements;
				CODE_SIGN_STYLE = Automatic;
				CURRENT_PROJECT_VERSION = 1;
				DEVELOPMENT_TEAM = BFE6CEM8L5;
				INFOPLIST_FILE = P1VerifyApp/Info.plist;
				IPHONEOS_DEPLOYMENT_TARGET = 10.1;
				LD_RUNPATH_SEARCH_PATHS = (
					"$(inherited)",
					"@executable_path/Frameworks",
				);
				MARKETING_VERSION = 1.0.1;
				PRODUCT_BUNDLE_IDENTIFIER = com.pingidentity.sample.P1VerifyApp;
				PRODUCT_NAME = "$(TARGET_NAME)";
				SWIFT_VERSION = 5.0;
				TARGETED_DEVICE_FAMILY = 1;
			};
			name = Debug;
		};
		1CEC66FC255F030C00BE4B6F /* Release */ = {
			isa = XCBuildConfiguration;
			buildSettings = {
				ASSETCATALOG_COMPILER_APPICON_NAME = AppIcon;
				ASSETCATALOG_COMPILER_GLOBAL_ACCENT_COLOR_NAME = AccentColor;
				CODE_SIGN_ENTITLEMENTS = P1VerifyApp/P1VerifyApp.entitlements;
				CODE_SIGN_STYLE = Automatic;
				CURRENT_PROJECT_VERSION = 1;
				DEVELOPMENT_TEAM = BFE6CEM8L5;
				INFOPLIST_FILE = P1VerifyApp/Info.plist;
				IPHONEOS_DEPLOYMENT_TARGET = 10.1;
				LD_RUNPATH_SEARCH_PATHS = (
					"$(inherited)",
					"@executable_path/Frameworks",
				);
				MARKETING_VERSION = 1.0.1;
				PRODUCT_BUNDLE_IDENTIFIER = com.pingidentity.sample.P1VerifyApp;
				PRODUCT_NAME = "$(TARGET_NAME)";
				SWIFT_VERSION = 5.0;
				TARGETED_DEVICE_FAMILY = 1;
			};
			name = Release;
		};
/* End XCBuildConfiguration section */

/* Begin XCConfigurationList section */
		1CEC66E1255F030B00BE4B6F /* Build configuration list for PBXProject "P1VerifyApp" */ = {
			isa = XCConfigurationList;
			buildConfigurations = (
				1CEC66F8255F030C00BE4B6F /* Debug */,
				1CEC66F9255F030C00BE4B6F /* Release */,
			);
			defaultConfigurationIsVisible = 0;
			defaultConfigurationName = Release;
		};
		1CEC66FA255F030C00BE4B6F /* Build configuration list for PBXNativeTarget "P1VerifyApp" */ = {
			isa = XCConfigurationList;
			buildConfigurations = (
				1CEC66FB255F030C00BE4B6F /* Debug */,
				1CEC66FC255F030C00BE4B6F /* Release */,
			);
			defaultConfigurationIsVisible = 0;
			defaultConfigurationName = Release;
		};
/* End XCConfigurationList section */

/* Begin XCRemoteSwiftPackageReference section */
		1C971190256468760028466E /* XCRemoteSwiftPackageReference "iCarousel" */ = {
			isa = XCRemoteSwiftPackageReference;
			repositoryURL = "https://github.com/ShoCardInc/iCarousel";
			requirement = {
				branch = master;
				kind = branch;
			};
		};
/* End XCRemoteSwiftPackageReference section */

/* Begin XCSwiftPackageProductDependency section */
		1C971191256468760028466E /* iCarousel */ = {
			isa = XCSwiftPackageProductDependency;
			package = 1C971190256468760028466E /* XCRemoteSwiftPackageReference "iCarousel" */;
			productName = iCarousel;
		};
/* End XCSwiftPackageProductDependency section */
	};
	rootObject = 1CEC66DE255F030B00BE4B6F /* Project object */;
}
